// !$*UTF8*$!
{
	archiveVersion = 1;
	classes = {
	};
	objectVersion = 46;
	objects = {
/* Begin PBXBuildFile section */
		0024438F23449C5400C8E8A8 /* File.swift in Sources */ = {isa = PBXBuildFile; fileRef = 0024438E23449C5400C8E8A8 /* File.swift */; };
		002443972344A32E00C8E8A8 /* ios in Resources */ = {isa = PBXBuildFile; fileRef = 002443962344A32E00C8E8A8 /* ios */; };
		00E356F31AD99517003FC87E /* robby_appTests.m in Sources */ = {isa = PBXBuildFile; fileRef = 00E356F21AD99517003FC87E /* robby_appTests.m */; };
		13B07FBC1A68108700A75B9A /* AppDelegate.m in Sources */ = {isa = PBXBuildFile; fileRef = 13B07FB01A68108700A75B9A /* AppDelegate.m */; };
		13B07FBD1A68108700A75B9A /* LaunchScreen.xib in Resources */ = {isa = PBXBuildFile; fileRef = 13B07FB11A68108700A75B9A /* LaunchScreen.xib */; };
		13B07FBF1A68108700A75B9A /* Images.xcassets in Resources */ = {isa = PBXBuildFile; fileRef = 13B07FB51A68108700A75B9A /* Images.xcassets */; };
		13B07FC11A68108700A75B9A /* main.m in Sources */ = {isa = PBXBuildFile; fileRef = 13B07FB71A68108700A75B9A /* main.m */; };
		1C0C8AA3CC697B657E0BE2FC /* libPods-robby_app.a in Frameworks */ = {isa = PBXBuildFile; fileRef = BD60BE1132C14F173909FBB2 /* libPods-robby_app.a */; };
		2D02E4BC1E0B4A80006451C7 /* AppDelegate.m in Sources */ = {isa = PBXBuildFile; fileRef = 13B07FB01A68108700A75B9A /* AppDelegate.m */; };
		2D02E4BD1E0B4A84006451C7 /* Images.xcassets in Resources */ = {isa = PBXBuildFile; fileRef = 13B07FB51A68108700A75B9A /* Images.xcassets */; };
		2D02E4BF1E0B4AB3006451C7 /* main.m in Sources */ = {isa = PBXBuildFile; fileRef = 13B07FB71A68108700A75B9A /* main.m */; };
		2DCD954D1E0B4F2C00145EB5 /* robby_appTests.m in Sources */ = {isa = PBXBuildFile; fileRef = 00E356F21AD99517003FC87E /* robby_appTests.m */; };
		484582D02FC740BC94E9B585 /* FontAwesome.ttf in Resources */ = {isa = PBXBuildFile; fileRef = CCBC55620E834D488E9BE308 /* FontAwesome.ttf */; };
		54678E77B13C4221B51E74A6 /* Ionicons.ttf in Resources */ = {isa = PBXBuildFile; fileRef = 68B72FBF57B5491C8F4780B0 /* Ionicons.ttf */; };
		582AEA0D8196E934A2C7FC8E /* libPods-robby_app-tvOSTests.a in Frameworks */ = {isa = PBXBuildFile; fileRef = 554E6BB00C5042122C4BD7F0 /* libPods-robby_app-tvOSTests.a */; };
		58E65E563D2B4B219B2AC633 /* Octicons.ttf in Resources */ = {isa = PBXBuildFile; fileRef = 5B0638EA18024032B8AAF701 /* Octicons.ttf */; };
		5F41E626EB534B059331EDF8 /* AntDesign.ttf in Resources */ = {isa = PBXBuildFile; fileRef = 7C0D67F4ADB14482896EC028 /* AntDesign.ttf */; };
		724C3A97B1324E18822A7237 /* Zocial.ttf in Resources */ = {isa = PBXBuildFile; fileRef = 58C95D2153CA441FBE4B25DB /* Zocial.ttf */; };
		7B65DA97DBD74E8FB9EB0AE0 /* Foundation.ttf in Resources */ = {isa = PBXBuildFile; fileRef = E77167AF75AC41D4A3173E78 /* Foundation.ttf */; };
		8F9A0D5C2604440EA1B1A8DA /* FontAwesome5_Brands.ttf in Resources */ = {isa = PBXBuildFile; fileRef = F32FE29832614A9A9C33B29C /* FontAwesome5_Brands.ttf */; };
		9754D766D03C219C4056E7F2 /* libPods-robby_appTests.a in Frameworks */ = {isa = PBXBuildFile; fileRef = 99C0196E8CB4A281153EE30E /* libPods-robby_appTests.a */; };
		9A051CB4225747D39E670A28 /* MaterialIcons.ttf in Resources */ = {isa = PBXBuildFile; fileRef = 658B86622C3649AE8051FAFC /* MaterialIcons.ttf */; };
		B40DE3EF482A4821A628EE0F /* Entypo.ttf in Resources */ = {isa = PBXBuildFile; fileRef = C124C7014234490A9BB82C90 /* Entypo.ttf */; };
		B8A1A5B3C5314EC6B6CDFE71 /* Feather.ttf in Resources */ = {isa = PBXBuildFile; fileRef = 02EA05F390494C2494943973 /* Feather.ttf */; };
		BE475A2938274A55A020F401 /* Fontisto.ttf in Resources */ = {isa = PBXBuildFile; fileRef = 207AC78278BE48949FEE3FA2 /* Fontisto.ttf */; };
		D64224F42DAA43BBB83A39C8 /* EvilIcons.ttf in Resources */ = {isa = PBXBuildFile; fileRef = 892EECA794EE47D0A52CA08E /* EvilIcons.ttf */; };
		E4EF983BBBFE4662B3292AE7 /* FontAwesome5_Solid.ttf in Resources */ = {isa = PBXBuildFile; fileRef = DAB8EDE6A7964D0483CE0948 /* FontAwesome5_Solid.ttf */; };
		E8B564264D634FD7B3CC3C06 /* FontAwesome5_Regular.ttf in Resources */ = {isa = PBXBuildFile; fileRef = AD2BB54105EA44828D084C9A /* FontAwesome5_Regular.ttf */; };
		F03C57A05BB94C0EAEB54556 /* MaterialCommunityIcons.ttf in Resources */ = {isa = PBXBuildFile; fileRef = 03A74809B5F5480A8F176332 /* MaterialCommunityIcons.ttf */; };
		F62820982D5FD535B9F63196 /* libPods-robby_app-tvOS.a in Frameworks */ = {isa = PBXBuildFile; fileRef = 5AE75132D278AC79415F76DD /* libPods-robby_app-tvOS.a */; };
		FA98343E609A44BEB762212E /* SimpleLineIcons.ttf in Resources */ = {isa = PBXBuildFile; fileRef = 9B15A77B10C843A593CFA15A /* SimpleLineIcons.ttf */; };
/* End PBXBuildFile section */

/* Begin PBXContainerItemProxy section */
		00A7A7EB23436F80008E8703 /* PBXContainerItemProxy */ = {
			isa = PBXContainerItemProxy;
			containerPortal = 00A7A7E623436F80008E8703 /* RNGestureHandler.xcodeproj */;
			proxyType = 2;
			remoteGlobalIDString = 134814201AA4EA6300B7C361;
			remoteInfo = RNGestureHandler;
		};
		00A7A7ED23436F80008E8703 /* PBXContainerItemProxy */ = {
			isa = PBXContainerItemProxy;
			containerPortal = 00A7A7E623436F80008E8703 /* RNGestureHandler.xcodeproj */;
			proxyType = 2;
			remoteGlobalIDString = B5C32A36220C603B000FFB8D;
			remoteInfo = "RNGestureHandler-tvOS";
		};
		00A7A7F423436F95008E8703 /* PBXContainerItemProxy */ = {
			isa = PBXContainerItemProxy;
			containerPortal = 00A7A7EF23436F95008E8703 /* RNGestureHandler.xcodeproj */;
			proxyType = 2;
			remoteGlobalIDString = 134814201AA4EA6300B7C361;
			remoteInfo = RNGestureHandler;
		};
		00A7A7F623436F95008E8703 /* PBXContainerItemProxy */ = {
			isa = PBXContainerItemProxy;
			containerPortal = 00A7A7EF23436F95008E8703 /* RNGestureHandler.xcodeproj */;
			proxyType = 2;
			remoteGlobalIDString = B5C32A36220C603B000FFB8D;
			remoteInfo = "RNGestureHandler-tvOS";
		};
		00E356F41AD99517003FC87E /* PBXContainerItemProxy */ = {
			isa = PBXContainerItemProxy;
			containerPortal = 83CBB9F71A601CBA00E9B192 /* Project object */;
			proxyType = 1;
			remoteGlobalIDString = 13B07F861A680F5B00A75B9A;
			remoteInfo = robby_app;
		};
		2D02E4911E0B4A5D006451C7 /* PBXContainerItemProxy */ = {
			isa = PBXContainerItemProxy;
			containerPortal = 83CBB9F71A601CBA00E9B192 /* Project object */;
			proxyType = 1;
			remoteGlobalIDString = 2D02E47A1E0B4A5D006451C7;
			remoteInfo = "robby_app-tvOS";
		};
/* End PBXContainerItemProxy section */

/* Begin PBXFileReference section */
		0024438D23449C5300C8E8A8 /* robby_app-Bridging-Header.h */ = {isa = PBXFileReference; lastKnownFileType = sourcecode.c.h; path = "robby_app-Bridging-Header.h"; sourceTree = "<group>"; };
		0024438E23449C5400C8E8A8 /* File.swift */ = {isa = PBXFileReference; lastKnownFileType = sourcecode.swift; path = File.swift; sourceTree = "<group>"; };
		002443962344A32E00C8E8A8 /* ios */ = {isa = PBXFileReference; lastKnownFileType = folder; name = ios; path = "../node_modules/react-native-gesture-handler/ios"; sourceTree = "<group>"; };
		008F07F21AC5B25A0029DE68 /* main.jsbundle */ = {isa = PBXFileReference; fileEncoding = 4; lastKnownFileType = text; path = main.jsbundle; sourceTree = "<group>"; };
		00A7A7E623436F80008E8703 /* RNGestureHandler.xcodeproj */ = {isa = PBXFileReference; lastKnownFileType = "wrapper.pb-project"; name = RNGestureHandler.xcodeproj; path = "../node_modules/react-native-gesture-handler/ios/RNGestureHandler.xcodeproj"; sourceTree = "<group>"; };
		00A7A7EF23436F95008E8703 /* RNGestureHandler.xcodeproj */ = {isa = PBXFileReference; lastKnownFileType = "wrapper.pb-project"; name = RNGestureHandler.xcodeproj; path = "../node_modules/react-native-gesture-handler/ios/RNGestureHandler.xcodeproj"; sourceTree = "<group>"; };
		00E356EE1AD99517003FC87E /* robby_appTests.xctest */ = {isa = PBXFileReference; explicitFileType = wrapper.cfbundle; includeInIndex = 0; path = robby_appTests.xctest; sourceTree = BUILT_PRODUCTS_DIR; };
		00E356F11AD99517003FC87E /* Info.plist */ = {isa = PBXFileReference; lastKnownFileType = text.plist.xml; path = Info.plist; sourceTree = "<group>"; };
		00E356F21AD99517003FC87E /* robby_appTests.m */ = {isa = PBXFileReference; lastKnownFileType = sourcecode.c.objc; path = robby_appTests.m; sourceTree = "<group>"; };
		02EA05F390494C2494943973 /* Feather.ttf */ = {isa = PBXFileReference; explicitFileType = undefined; fileEncoding = 9; includeInIndex = 0; lastKnownFileType = unknown; name = Feather.ttf; path = "../node_modules/react-native-vector-icons/Fonts/Feather.ttf"; sourceTree = "<group>"; };
		03A74809B5F5480A8F176332 /* MaterialCommunityIcons.ttf */ = {isa = PBXFileReference; explicitFileType = undefined; fileEncoding = 9; includeInIndex = 0; lastKnownFileType = unknown; name = MaterialCommunityIcons.ttf; path = "../node_modules/react-native-vector-icons/Fonts/MaterialCommunityIcons.ttf"; sourceTree = "<group>"; };
		13B07F961A680F5B00A75B9A /* robby_app.app */ = {isa = PBXFileReference; explicitFileType = wrapper.application; includeInIndex = 0; path = robby_app.app; sourceTree = BUILT_PRODUCTS_DIR; };
		13B07FAF1A68108700A75B9A /* AppDelegate.h */ = {isa = PBXFileReference; fileEncoding = 4; lastKnownFileType = sourcecode.c.h; name = AppDelegate.h; path = robby_app/AppDelegate.h; sourceTree = "<group>"; };
		13B07FB01A68108700A75B9A /* AppDelegate.m */ = {isa = PBXFileReference; fileEncoding = 4; lastKnownFileType = sourcecode.c.objc; name = AppDelegate.m; path = robby_app/AppDelegate.m; sourceTree = "<group>"; };
		13B07FB21A68108700A75B9A /* Base */ = {isa = PBXFileReference; lastKnownFileType = file.xib; name = Base; path = Base.lproj/LaunchScreen.xib; sourceTree = "<group>"; };
		13B07FB51A68108700A75B9A /* Images.xcassets */ = {isa = PBXFileReference; lastKnownFileType = folder.assetcatalog; name = Images.xcassets; path = robby_app/Images.xcassets; sourceTree = "<group>"; };
		13B07FB61A68108700A75B9A /* Info.plist */ = {isa = PBXFileReference; fileEncoding = 4; lastKnownFileType = text.plist.xml; name = Info.plist; path = robby_app/Info.plist; sourceTree = "<group>"; };
		13B07FB71A68108700A75B9A /* main.m */ = {isa = PBXFileReference; fileEncoding = 4; lastKnownFileType = sourcecode.c.objc; name = main.m; path = robby_app/main.m; sourceTree = "<group>"; };
		207AC78278BE48949FEE3FA2 /* Fontisto.ttf */ = {isa = PBXFileReference; explicitFileType = undefined; fileEncoding = 9; includeInIndex = 0; lastKnownFileType = unknown; name = Fontisto.ttf; path = "../node_modules/react-native-vector-icons/Fonts/Fontisto.ttf"; sourceTree = "<group>"; };
		2D02E47B1E0B4A5D006451C7 /* robby_app-tvOS.app */ = {isa = PBXFileReference; explicitFileType = wrapper.application; includeInIndex = 0; path = "robby_app-tvOS.app"; sourceTree = BUILT_PRODUCTS_DIR; };
		2D02E4901E0B4A5D006451C7 /* robby_app-tvOSTests.xctest */ = {isa = PBXFileReference; explicitFileType = wrapper.cfbundle; includeInIndex = 0; path = "robby_app-tvOSTests.xctest"; sourceTree = BUILT_PRODUCTS_DIR; };
		4467CD3A1E400480B461665F /* Pods-robby_app-tvOSTests.release.xcconfig */ = {isa = PBXFileReference; includeInIndex = 1; lastKnownFileType = text.xcconfig; name = "Pods-robby_app-tvOSTests.release.xcconfig"; path = "Target Support Files/Pods-robby_app-tvOSTests/Pods-robby_app-tvOSTests.release.xcconfig"; sourceTree = "<group>"; };
		4EE2D5A2863AF4A3DE1618A3 /* Pods-robby_appTests.debug.xcconfig */ = {isa = PBXFileReference; includeInIndex = 1; lastKnownFileType = text.xcconfig; name = "Pods-robby_appTests.debug.xcconfig"; path = "Target Support Files/Pods-robby_appTests/Pods-robby_appTests.debug.xcconfig"; sourceTree = "<group>"; };
		54B147ED499AD93462C4F609 /* Pods-robby_app-tvOS.debug.xcconfig */ = {isa = PBXFileReference; includeInIndex = 1; lastKnownFileType = text.xcconfig; name = "Pods-robby_app-tvOS.debug.xcconfig"; path = "Target Support Files/Pods-robby_app-tvOS/Pods-robby_app-tvOS.debug.xcconfig"; sourceTree = "<group>"; };
		554E6BB00C5042122C4BD7F0 /* libPods-robby_app-tvOSTests.a */ = {isa = PBXFileReference; explicitFileType = archive.ar; includeInIndex = 0; path = "libPods-robby_app-tvOSTests.a"; sourceTree = BUILT_PRODUCTS_DIR; };
		56BD9623B6C1AF6D2AF15146 /* Pods-robby_app-tvOS.release.xcconfig */ = {isa = PBXFileReference; includeInIndex = 1; lastKnownFileType = text.xcconfig; name = "Pods-robby_app-tvOS.release.xcconfig"; path = "Target Support Files/Pods-robby_app-tvOS/Pods-robby_app-tvOS.release.xcconfig"; sourceTree = "<group>"; };
		58C95D2153CA441FBE4B25DB /* Zocial.ttf */ = {isa = PBXFileReference; explicitFileType = undefined; fileEncoding = 9; includeInIndex = 0; lastKnownFileType = unknown; name = Zocial.ttf; path = "../node_modules/react-native-vector-icons/Fonts/Zocial.ttf"; sourceTree = "<group>"; };
		5AE75132D278AC79415F76DD /* libPods-robby_app-tvOS.a */ = {isa = PBXFileReference; explicitFileType = archive.ar; includeInIndex = 0; path = "libPods-robby_app-tvOS.a"; sourceTree = BUILT_PRODUCTS_DIR; };
		5B0638EA18024032B8AAF701 /* Octicons.ttf */ = {isa = PBXFileReference; explicitFileType = undefined; fileEncoding = 9; includeInIndex = 0; lastKnownFileType = unknown; name = Octicons.ttf; path = "../node_modules/react-native-vector-icons/Fonts/Octicons.ttf"; sourceTree = "<group>"; };
		658B86622C3649AE8051FAFC /* MaterialIcons.ttf */ = {isa = PBXFileReference; explicitFileType = undefined; fileEncoding = 9; includeInIndex = 0; lastKnownFileType = unknown; name = MaterialIcons.ttf; path = "../node_modules/react-native-vector-icons/Fonts/MaterialIcons.ttf"; sourceTree = "<group>"; };
		68B72FBF57B5491C8F4780B0 /* Ionicons.ttf */ = {isa = PBXFileReference; explicitFileType = undefined; fileEncoding = 9; includeInIndex = 0; lastKnownFileType = unknown; name = Ionicons.ttf; path = "../node_modules/react-native-vector-icons/Fonts/Ionicons.ttf"; sourceTree = "<group>"; };
		7C0D67F4ADB14482896EC028 /* AntDesign.ttf */ = {isa = PBXFileReference; explicitFileType = undefined; fileEncoding = 9; includeInIndex = 0; lastKnownFileType = unknown; name = AntDesign.ttf; path = "../node_modules/react-native-vector-icons/Fonts/AntDesign.ttf"; sourceTree = "<group>"; };
		892EECA794EE47D0A52CA08E /* EvilIcons.ttf */ = {isa = PBXFileReference; explicitFileType = undefined; fileEncoding = 9; includeInIndex = 0; lastKnownFileType = unknown; name = EvilIcons.ttf; path = "../node_modules/react-native-vector-icons/Fonts/EvilIcons.ttf"; sourceTree = "<group>"; };
		8E635A82F0E1FD120949C6FD /* Pods-robby_app-tvOSTests.debug.xcconfig */ = {isa = PBXFileReference; includeInIndex = 1; lastKnownFileType = text.xcconfig; name = "Pods-robby_app-tvOSTests.debug.xcconfig"; path = "Target Support Files/Pods-robby_app-tvOSTests/Pods-robby_app-tvOSTests.debug.xcconfig"; sourceTree = "<group>"; };
		99C0196E8CB4A281153EE30E /* libPods-robby_appTests.a */ = {isa = PBXFileReference; explicitFileType = archive.ar; includeInIndex = 0; path = "libPods-robby_appTests.a"; sourceTree = BUILT_PRODUCTS_DIR; };
		9B15A77B10C843A593CFA15A /* SimpleLineIcons.ttf */ = {isa = PBXFileReference; explicitFileType = undefined; fileEncoding = 9; includeInIndex = 0; lastKnownFileType = unknown; name = SimpleLineIcons.ttf; path = "../node_modules/react-native-vector-icons/Fonts/SimpleLineIcons.ttf"; sourceTree = "<group>"; };
		AD2BB54105EA44828D084C9A /* FontAwesome5_Regular.ttf */ = {isa = PBXFileReference; explicitFileType = undefined; fileEncoding = 9; includeInIndex = 0; lastKnownFileType = unknown; name = FontAwesome5_Regular.ttf; path = "../node_modules/react-native-vector-icons/Fonts/FontAwesome5_Regular.ttf"; sourceTree = "<group>"; };
		BD60BE1132C14F173909FBB2 /* libPods-robby_app.a */ = {isa = PBXFileReference; explicitFileType = archive.ar; includeInIndex = 0; path = "libPods-robby_app.a"; sourceTree = BUILT_PRODUCTS_DIR; };
		BD9B25459C37BA9DC25B6165 /* Pods-robby_app.release.xcconfig */ = {isa = PBXFileReference; includeInIndex = 1; lastKnownFileType = text.xcconfig; name = "Pods-robby_app.release.xcconfig"; path = "Target Support Files/Pods-robby_app/Pods-robby_app.release.xcconfig"; sourceTree = "<group>"; };
		C124C7014234490A9BB82C90 /* Entypo.ttf */ = {isa = PBXFileReference; explicitFileType = undefined; fileEncoding = 9; includeInIndex = 0; lastKnownFileType = unknown; name = Entypo.ttf; path = "../node_modules/react-native-vector-icons/Fonts/Entypo.ttf"; sourceTree = "<group>"; };
		CCBC55620E834D488E9BE308 /* FontAwesome.ttf */ = {isa = PBXFileReference; explicitFileType = undefined; fileEncoding = 9; includeInIndex = 0; lastKnownFileType = unknown; name = FontAwesome.ttf; path = "../node_modules/react-native-vector-icons/Fonts/FontAwesome.ttf"; sourceTree = "<group>"; };
		DAB8EDE6A7964D0483CE0948 /* FontAwesome5_Solid.ttf */ = {isa = PBXFileReference; explicitFileType = undefined; fileEncoding = 9; includeInIndex = 0; lastKnownFileType = unknown; name = FontAwesome5_Solid.ttf; path = "../node_modules/react-native-vector-icons/Fonts/FontAwesome5_Solid.ttf"; sourceTree = "<group>"; };
		E77167AF75AC41D4A3173E78 /* Foundation.ttf */ = {isa = PBXFileReference; explicitFileType = undefined; fileEncoding = 9; includeInIndex = 0; lastKnownFileType = unknown; name = Foundation.ttf; path = "../node_modules/react-native-vector-icons/Fonts/Foundation.ttf"; sourceTree = "<group>"; };
		ED297162215061F000B7C4FE /* JavaScriptCore.framework */ = {isa = PBXFileReference; lastKnownFileType = wrapper.framework; name = JavaScriptCore.framework; path = System/Library/Frameworks/JavaScriptCore.framework; sourceTree = SDKROOT; };
		ED2971642150620600B7C4FE /* JavaScriptCore.framework */ = {isa = PBXFileReference; lastKnownFileType = wrapper.framework; name = JavaScriptCore.framework; path = Platforms/AppleTVOS.platform/Developer/SDKs/AppleTVOS12.0.sdk/System/Library/Frameworks/JavaScriptCore.framework; sourceTree = DEVELOPER_DIR; };
		F05405CC4C355BE4DE5F7E52 /* Pods-robby_appTests.release.xcconfig */ = {isa = PBXFileReference; includeInIndex = 1; lastKnownFileType = text.xcconfig; name = "Pods-robby_appTests.release.xcconfig"; path = "Target Support Files/Pods-robby_appTests/Pods-robby_appTests.release.xcconfig"; sourceTree = "<group>"; };
		F32FE29832614A9A9C33B29C /* FontAwesome5_Brands.ttf */ = {isa = PBXFileReference; explicitFileType = undefined; fileEncoding = 9; includeInIndex = 0; lastKnownFileType = unknown; name = FontAwesome5_Brands.ttf; path = "../node_modules/react-native-vector-icons/Fonts/FontAwesome5_Brands.ttf"; sourceTree = "<group>"; };
		F55766D553AB82A6B1E36F91 /* Pods-robby_app.debug.xcconfig */ = {isa = PBXFileReference; includeInIndex = 1; lastKnownFileType = text.xcconfig; name = "Pods-robby_app.debug.xcconfig"; path = "Target Support Files/Pods-robby_app/Pods-robby_app.debug.xcconfig"; sourceTree = "<group>"; };
/* End PBXFileReference section */

/* Begin PBXFrameworksBuildPhase section */
		00E356EB1AD99517003FC87E /* Frameworks */ = {
			isa = PBXFrameworksBuildPhase;
			buildActionMask = 2147483647;
			files = (
				9754D766D03C219C4056E7F2 /* libPods-robby_appTests.a in Frameworks */,
			);
			runOnlyForDeploymentPostprocessing = 0;
		};
		13B07F8C1A680F5B00A75B9A /* Frameworks */ = {
			isa = PBXFrameworksBuildPhase;
			buildActionMask = 2147483647;
			files = (
				1C0C8AA3CC697B657E0BE2FC /* libPods-robby_app.a in Frameworks */,
			);
			runOnlyForDeploymentPostprocessing = 0;
		};
		2D02E4781E0B4A5D006451C7 /* Frameworks */ = {
			isa = PBXFrameworksBuildPhase;
			buildActionMask = 2147483647;
			files = (
				F62820982D5FD535B9F63196 /* libPods-robby_app-tvOS.a in Frameworks */,
			);
			runOnlyForDeploymentPostprocessing = 0;
		};
		2D02E48D1E0B4A5D006451C7 /* Frameworks */ = {
			isa = PBXFrameworksBuildPhase;
			buildActionMask = 2147483647;
			files = (
				582AEA0D8196E934A2C7FC8E /* libPods-robby_app-tvOSTests.a in Frameworks */,
			);
			runOnlyForDeploymentPostprocessing = 0;
		};
/* End PBXFrameworksBuildPhase section */

/* Begin PBXGroup section */
		00A7A7E723436F80008E8703 /* Products */ = {
			isa = PBXGroup;
			children = (
				00A7A7EC23436F80008E8703 /* libRNGestureHandler.a */,
				00A7A7EE23436F80008E8703 /* libRNGestureHandler-tvOS.a */,
			);
			name = Products;
			sourceTree = "<group>";
		};
		00A7A7F023436F95008E8703 /* Products */ = {
			isa = PBXGroup;
			children = (
				00A7A7F523436F95008E8703 /* libRNGestureHandler.a */,
				00A7A7F723436F95008E8703 /* libRNGestureHandler-tvOS.a */,
			);
			name = Products;
			sourceTree = "<group>";
		};
		00E356EF1AD99517003FC87E /* robby_appTests */ = {
			isa = PBXGroup;
			children = (
				00E356F21AD99517003FC87E /* robby_appTests.m */,
				00E356F01AD99517003FC87E /* Supporting Files */,
			);
			path = robby_appTests;
			sourceTree = "<group>";
		};
		00E356F01AD99517003FC87E /* Supporting Files */ = {
			isa = PBXGroup;
			children = (
				00E356F11AD99517003FC87E /* Info.plist */,
			);
			name = "Supporting Files";
			sourceTree = "<group>";
		};
		13B07FAE1A68108700A75B9A /* robby_app */ = {
			isa = PBXGroup;
			children = (
				00A7A7E623436F80008E8703 /* RNGestureHandler.xcodeproj */,
				00A7A7EF23436F95008E8703 /* RNGestureHandler.xcodeproj */,
				008F07F21AC5B25A0029DE68 /* main.jsbundle */,
				13B07FAF1A68108700A75B9A /* AppDelegate.h */,
				13B07FB01A68108700A75B9A /* AppDelegate.m */,
				13B07FB51A68108700A75B9A /* Images.xcassets */,
				13B07FB61A68108700A75B9A /* Info.plist */,
				13B07FB11A68108700A75B9A /* LaunchScreen.xib */,
				13B07FB71A68108700A75B9A /* main.m */,
			);
			name = robby_app;
			sourceTree = "<group>";
		};
		2D16E6871FA4F8E400B85C8A /* Frameworks */ = {
			isa = PBXGroup;
			children = (
				ED297162215061F000B7C4FE /* JavaScriptCore.framework */,
				ED2971642150620600B7C4FE /* JavaScriptCore.framework */,
				BD60BE1132C14F173909FBB2 /* libPods-robby_app.a */,
				5AE75132D278AC79415F76DD /* libPods-robby_app-tvOS.a */,
				554E6BB00C5042122C4BD7F0 /* libPods-robby_app-tvOSTests.a */,
				99C0196E8CB4A281153EE30E /* libPods-robby_appTests.a */,
			);
			name = Frameworks;
			sourceTree = "<group>";
		};
		2EAE6B1B25524F29A2FBD88D /* Resources */ = {
			isa = PBXGroup;
			children = (
				7C0D67F4ADB14482896EC028 /* AntDesign.ttf */,
				C124C7014234490A9BB82C90 /* Entypo.ttf */,
				892EECA794EE47D0A52CA08E /* EvilIcons.ttf */,
				02EA05F390494C2494943973 /* Feather.ttf */,
				CCBC55620E834D488E9BE308 /* FontAwesome.ttf */,
				F32FE29832614A9A9C33B29C /* FontAwesome5_Brands.ttf */,
				AD2BB54105EA44828D084C9A /* FontAwesome5_Regular.ttf */,
				DAB8EDE6A7964D0483CE0948 /* FontAwesome5_Solid.ttf */,
				207AC78278BE48949FEE3FA2 /* Fontisto.ttf */,
				E77167AF75AC41D4A3173E78 /* Foundation.ttf */,
				68B72FBF57B5491C8F4780B0 /* Ionicons.ttf */,
				03A74809B5F5480A8F176332 /* MaterialCommunityIcons.ttf */,
				658B86622C3649AE8051FAFC /* MaterialIcons.ttf */,
				5B0638EA18024032B8AAF701 /* Octicons.ttf */,
				9B15A77B10C843A593CFA15A /* SimpleLineIcons.ttf */,
				58C95D2153CA441FBE4B25DB /* Zocial.ttf */,
			);
			name = Resources;
			sourceTree = "<group>";
		};
		405DB8CF89F8103A2C91EE37 /* Pods */ = {
			isa = PBXGroup;
			children = (
				F55766D553AB82A6B1E36F91 /* Pods-robby_app.debug.xcconfig */,
				BD9B25459C37BA9DC25B6165 /* Pods-robby_app.release.xcconfig */,
				54B147ED499AD93462C4F609 /* Pods-robby_app-tvOS.debug.xcconfig */,
				56BD9623B6C1AF6D2AF15146 /* Pods-robby_app-tvOS.release.xcconfig */,
				8E635A82F0E1FD120949C6FD /* Pods-robby_app-tvOSTests.debug.xcconfig */,
				4467CD3A1E400480B461665F /* Pods-robby_app-tvOSTests.release.xcconfig */,
				4EE2D5A2863AF4A3DE1618A3 /* Pods-robby_appTests.debug.xcconfig */,
				F05405CC4C355BE4DE5F7E52 /* Pods-robby_appTests.release.xcconfig */,
			);
			path = Pods;
			sourceTree = "<group>";
		};
		832341AE1AAA6A7D00B99B32 /* Libraries */ = {
			isa = PBXGroup;
			children = (
				002443962344A32E00C8E8A8 /* ios */,
			);
			name = Libraries;
			sourceTree = "<group>";
		};
		83CBB9F61A601CBA00E9B192 = {
			isa = PBXGroup;
			children = (
				0024438E23449C5400C8E8A8 /* File.swift */,
				13B07FAE1A68108700A75B9A /* robby_app */,
				832341AE1AAA6A7D00B99B32 /* Libraries */,
				00E356EF1AD99517003FC87E /* robby_appTests */,
				83CBBA001A601CBA00E9B192 /* Products */,
				2D16E6871FA4F8E400B85C8A /* Frameworks */,
				405DB8CF89F8103A2C91EE37 /* Pods */,
				2EAE6B1B25524F29A2FBD88D /* Resources */,
				0024438D23449C5300C8E8A8 /* robby_app-Bridging-Header.h */,
			);
			indentWidth = 2;
			sourceTree = "<group>";
			tabWidth = 2;
			usesTabs = 0;
		};
		83CBBA001A601CBA00E9B192 /* Products */ = {
			isa = PBXGroup;
			children = (
				13B07F961A680F5B00A75B9A /* robby_app.app */,
				00E356EE1AD99517003FC87E /* robby_appTests.xctest */,
				2D02E47B1E0B4A5D006451C7 /* robby_app-tvOS.app */,
				2D02E4901E0B4A5D006451C7 /* robby_app-tvOSTests.xctest */,
			);
			name = Products;
			sourceTree = "<group>";
		};
/* End PBXGroup section */

/* Begin PBXNativeTarget section */
		00E356ED1AD99517003FC87E /* robby_appTests */ = {
			isa = PBXNativeTarget;
			buildConfigurationList = 00E357021AD99517003FC87E /* Build configuration list for PBXNativeTarget "robby_appTests" */;
			buildPhases = (
				F9DAF7562480144FB088957F /* [CP] Check Pods Manifest.lock */,
				00E356EA1AD99517003FC87E /* Sources */,
				00E356EB1AD99517003FC87E /* Frameworks */,
				00E356EC1AD99517003FC87E /* Resources */,
			);
			buildRules = (
			);
			dependencies = (
				00E356F51AD99517003FC87E /* PBXTargetDependency */,
			);
			name = robby_appTests;
			productName = robby_appTests;
			productReference = 00E356EE1AD99517003FC87E /* robby_appTests.xctest */;
			productType = "com.apple.product-type.bundle.unit-test";
		};
		13B07F861A680F5B00A75B9A /* robby_app */ = {
			isa = PBXNativeTarget;
			buildConfigurationList = 13B07F931A680F5B00A75B9A /* Build configuration list for PBXNativeTarget "robby_app" */;
			buildPhases = (
				A54FDF54354DF562D2E145BC /* [CP] Check Pods Manifest.lock */,
				FD10A7F022414F080027D42C /* Start Packager */,
				13B07F871A680F5B00A75B9A /* Sources */,
				13B07F8C1A680F5B00A75B9A /* Frameworks */,
				13B07F8E1A680F5B00A75B9A /* Resources */,
				00DD1BFF1BD5951E006B06BC /* Bundle React Native code and images */,
				2B4556F8ABF3E1B8F4AF4E8E /* [CP] Copy Pods Resources */,
			);
			buildRules = (
			);
			dependencies = (
			);
			name = robby_app;
			productName = robby_app;
			productReference = 13B07F961A680F5B00A75B9A /* robby_app.app */;
			productType = "com.apple.product-type.application";
		};
		2D02E47A1E0B4A5D006451C7 /* robby_app-tvOS */ = {
			isa = PBXNativeTarget;
			buildConfigurationList = 2D02E4BA1E0B4A5E006451C7 /* Build configuration list for PBXNativeTarget "robby_app-tvOS" */;
			buildPhases = (
				3A08ABDB4C851FCF4831DC33 /* [CP] Check Pods Manifest.lock */,
				FD10A7F122414F3F0027D42C /* Start Packager */,
				2D02E4771E0B4A5D006451C7 /* Sources */,
				2D02E4781E0B4A5D006451C7 /* Frameworks */,
				2D02E4791E0B4A5D006451C7 /* Resources */,
				2D02E4CB1E0B4B27006451C7 /* Bundle React Native Code And Images */,
			);
			buildRules = (
			);
			dependencies = (
			);
			name = "robby_app-tvOS";
			productName = "robby_app-tvOS";
			productReference = 2D02E47B1E0B4A5D006451C7 /* robby_app-tvOS.app */;
			productType = "com.apple.product-type.application";
		};
		2D02E48F1E0B4A5D006451C7 /* robby_app-tvOSTests */ = {
			isa = PBXNativeTarget;
			buildConfigurationList = 2D02E4BB1E0B4A5E006451C7 /* Build configuration list for PBXNativeTarget "robby_app-tvOSTests" */;
			buildPhases = (
				1C52CD7DE0073DD6DD477907 /* [CP] Check Pods Manifest.lock */,
				2D02E48C1E0B4A5D006451C7 /* Sources */,
				2D02E48D1E0B4A5D006451C7 /* Frameworks */,
				2D02E48E1E0B4A5D006451C7 /* Resources */,
			);
			buildRules = (
			);
			dependencies = (
				2D02E4921E0B4A5D006451C7 /* PBXTargetDependency */,
			);
			name = "robby_app-tvOSTests";
			productName = "robby_app-tvOSTests";
			productReference = 2D02E4901E0B4A5D006451C7 /* robby_app-tvOSTests.xctest */;
			productType = "com.apple.product-type.bundle.unit-test";
		};
/* End PBXNativeTarget section */

/* Begin PBXProject section */
		83CBB9F71A601CBA00E9B192 /* Project object */ = {
			isa = PBXProject;
			attributes = {
				LastUpgradeCheck = 1100;
				ORGANIZATIONNAME = Facebook;
				TargetAttributes = {
					00E356ED1AD99517003FC87E = {
						CreatedOnToolsVersion = 6.2;
						TestTargetID = 13B07F861A680F5B00A75B9A;
					};
					13B07F861A680F5B00A75B9A = {
						LastSwiftMigration = 1100;
					};
					2D02E47A1E0B4A5D006451C7 = {
						CreatedOnToolsVersion = 8.2.1;
						ProvisioningStyle = Automatic;
					};
					2D02E48F1E0B4A5D006451C7 = {
						CreatedOnToolsVersion = 8.2.1;
						ProvisioningStyle = Automatic;
						TestTargetID = 2D02E47A1E0B4A5D006451C7;
					};
				};
			};
			buildConfigurationList = 83CBB9FA1A601CBA00E9B192 /* Build configuration list for PBXProject "robby_app" */;
			compatibilityVersion = "Xcode 3.2";
			developmentRegion = en;
			hasScannedForEncodings = 0;
			knownRegions = (
				en,
				Base,
			);
			mainGroup = 83CBB9F61A601CBA00E9B192;
			productRefGroup = 83CBBA001A601CBA00E9B192 /* Products */;
			projectDirPath = "";
			projectReferences = (
				{
					ProductGroup = 00A7A7E723436F80008E8703 /* Products */;
					ProjectRef = 00A7A7E623436F80008E8703 /* RNGestureHandler.xcodeproj */;
				},
				{
					ProductGroup = 00A7A7F023436F95008E8703 /* Products */;
					ProjectRef = 00A7A7EF23436F95008E8703 /* RNGestureHandler.xcodeproj */;
				},
			);
			projectRoot = "";
			targets = (
				13B07F861A680F5B00A75B9A /* robby_app */,
				00E356ED1AD99517003FC87E /* robby_appTests */,
				2D02E47A1E0B4A5D006451C7 /* robby_app-tvOS */,
				2D02E48F1E0B4A5D006451C7 /* robby_app-tvOSTests */,
			);
		};
/* End PBXProject section */

/* Begin PBXReferenceProxy section */
		00A7A7EC23436F80008E8703 /* libRNGestureHandler.a */ = {
			isa = PBXReferenceProxy;
			fileType = archive.ar;
			path = libRNGestureHandler.a;
			remoteRef = 00A7A7EB23436F80008E8703 /* PBXContainerItemProxy */;
			sourceTree = BUILT_PRODUCTS_DIR;
		};
		00A7A7EE23436F80008E8703 /* libRNGestureHandler-tvOS.a */ = {
			isa = PBXReferenceProxy;
			fileType = archive.ar;
			path = "libRNGestureHandler-tvOS.a";
			remoteRef = 00A7A7ED23436F80008E8703 /* PBXContainerItemProxy */;
			sourceTree = BUILT_PRODUCTS_DIR;
		};
		00A7A7F523436F95008E8703 /* libRNGestureHandler.a */ = {
			isa = PBXReferenceProxy;
			fileType = archive.ar;
			path = libRNGestureHandler.a;
			remoteRef = 00A7A7F423436F95008E8703 /* PBXContainerItemProxy */;
			sourceTree = BUILT_PRODUCTS_DIR;
		};
		00A7A7F723436F95008E8703 /* libRNGestureHandler-tvOS.a */ = {
			isa = PBXReferenceProxy;
			fileType = archive.ar;
			path = "libRNGestureHandler-tvOS.a";
			remoteRef = 00A7A7F623436F95008E8703 /* PBXContainerItemProxy */;
			sourceTree = BUILT_PRODUCTS_DIR;
		};
/* End PBXReferenceProxy section */

/* Begin PBXResourcesBuildPhase section */
		00E356EC1AD99517003FC87E /* Resources */ = {
			isa = PBXResourcesBuildPhase;
			buildActionMask = 2147483647;
			files = (
			);
			runOnlyForDeploymentPostprocessing = 0;
		};
		13B07F8E1A680F5B00A75B9A /* Resources */ = {
			isa = PBXResourcesBuildPhase;
			buildActionMask = 2147483647;
			files = (
				002443972344A32E00C8E8A8 /* ios in Resources */,
				13B07FBF1A68108700A75B9A /* Images.xcassets in Resources */,
				13B07FBD1A68108700A75B9A /* LaunchScreen.xib in Resources */,
				5F41E626EB534B059331EDF8 /* AntDesign.ttf in Resources */,
				B40DE3EF482A4821A628EE0F /* Entypo.ttf in Resources */,
				D64224F42DAA43BBB83A39C8 /* EvilIcons.ttf in Resources */,
				B8A1A5B3C5314EC6B6CDFE71 /* Feather.ttf in Resources */,
				484582D02FC740BC94E9B585 /* FontAwesome.ttf in Resources */,
				8F9A0D5C2604440EA1B1A8DA /* FontAwesome5_Brands.ttf in Resources */,
				E8B564264D634FD7B3CC3C06 /* FontAwesome5_Regular.ttf in Resources */,
				E4EF983BBBFE4662B3292AE7 /* FontAwesome5_Solid.ttf in Resources */,
				BE475A2938274A55A020F401 /* Fontisto.ttf in Resources */,
				7B65DA97DBD74E8FB9EB0AE0 /* Foundation.ttf in Resources */,
				54678E77B13C4221B51E74A6 /* Ionicons.ttf in Resources */,
				F03C57A05BB94C0EAEB54556 /* MaterialCommunityIcons.ttf in Resources */,
				9A051CB4225747D39E670A28 /* MaterialIcons.ttf in Resources */,
				58E65E563D2B4B219B2AC633 /* Octicons.ttf in Resources */,
				FA98343E609A44BEB762212E /* SimpleLineIcons.ttf in Resources */,
				724C3A97B1324E18822A7237 /* Zocial.ttf in Resources */,
			);
			runOnlyForDeploymentPostprocessing = 0;
		};
		2D02E4791E0B4A5D006451C7 /* Resources */ = {
			isa = PBXResourcesBuildPhase;
			buildActionMask = 2147483647;
			files = (
				2D02E4BD1E0B4A84006451C7 /* Images.xcassets in Resources */,
			);
			runOnlyForDeploymentPostprocessing = 0;
		};
		2D02E48E1E0B4A5D006451C7 /* Resources */ = {
			isa = PBXResourcesBuildPhase;
			buildActionMask = 2147483647;
			files = (
			);
			runOnlyForDeploymentPostprocessing = 0;
		};
/* End PBXResourcesBuildPhase section */

/* Begin PBXShellScriptBuildPhase section */
		00DD1BFF1BD5951E006B06BC /* Bundle React Native code and images */ = {
			isa = PBXShellScriptBuildPhase;
			buildActionMask = 2147483647;
			files = (
			);
			inputPaths = (
			);
			name = "Bundle React Native code and images";
			outputPaths = (
			);
			runOnlyForDeploymentPostprocessing = 0;
			shellPath = /bin/sh;
			shellScript = "export NODE_BINARY=node\n../node_modules/react-native/scripts/react-native-xcode.sh";
		};
		1C52CD7DE0073DD6DD477907 /* [CP] Check Pods Manifest.lock */ = {
			isa = PBXShellScriptBuildPhase;
			buildActionMask = 2147483647;
			files = (
			);
			inputFileListPaths = (
			);
			inputPaths = (
				"${PODS_PODFILE_DIR_PATH}/Podfile.lock",
				"${PODS_ROOT}/Manifest.lock",
			);
			name = "[CP] Check Pods Manifest.lock";
			outputFileListPaths = (
			);
			outputPaths = (
				"$(DERIVED_FILE_DIR)/Pods-robby_app-tvOSTests-checkManifestLockResult.txt",
			);
			runOnlyForDeploymentPostprocessing = 0;
			shellPath = /bin/sh;
			shellScript = "diff \"${PODS_PODFILE_DIR_PATH}/Podfile.lock\" \"${PODS_ROOT}/Manifest.lock\" > /dev/null\nif [ $? != 0 ] ; then\n    # print error to STDERR\n    echo \"error: The sandbox is not in sync with the Podfile.lock. Run 'pod install' or update your CocoaPods installation.\" >&2\n    exit 1\nfi\n# This output is used by Xcode 'outputs' to avoid re-running this script phase.\necho \"SUCCESS\" > \"${SCRIPT_OUTPUT_FILE_0}\"\n";
			showEnvVarsInLog = 0;
		};
		2B4556F8ABF3E1B8F4AF4E8E /* [CP] Copy Pods Resources */ = {
			isa = PBXShellScriptBuildPhase;
			buildActionMask = 2147483647;
			files = (
			);
			inputPaths = (
				"${PODS_ROOT}/Target Support Files/Pods-robby_app/Pods-robby_app-resources.sh",
				"${PODS_ROOT}/../../node_modules/react-native-vector-icons/Fonts/AntDesign.ttf",
				"${PODS_ROOT}/../../node_modules/react-native-vector-icons/Fonts/Entypo.ttf",
				"${PODS_ROOT}/../../node_modules/react-native-vector-icons/Fonts/EvilIcons.ttf",
				"${PODS_ROOT}/../../node_modules/react-native-vector-icons/Fonts/Feather.ttf",
				"${PODS_ROOT}/../../node_modules/react-native-vector-icons/Fonts/FontAwesome.ttf",
				"${PODS_ROOT}/../../node_modules/react-native-vector-icons/Fonts/FontAwesome5_Brands.ttf",
				"${PODS_ROOT}/../../node_modules/react-native-vector-icons/Fonts/FontAwesome5_Regular.ttf",
				"${PODS_ROOT}/../../node_modules/react-native-vector-icons/Fonts/FontAwesome5_Solid.ttf",
				"${PODS_ROOT}/../../node_modules/react-native-vector-icons/Fonts/Fontisto.ttf",
				"${PODS_ROOT}/../../node_modules/react-native-vector-icons/Fonts/Foundation.ttf",
				"${PODS_ROOT}/../../node_modules/react-native-vector-icons/Fonts/Ionicons.ttf",
				"${PODS_ROOT}/../../node_modules/react-native-vector-icons/Fonts/MaterialCommunityIcons.ttf",
				"${PODS_ROOT}/../../node_modules/react-native-vector-icons/Fonts/MaterialIcons.ttf",
				"${PODS_ROOT}/../../node_modules/react-native-vector-icons/Fonts/Octicons.ttf",
				"${PODS_ROOT}/../../node_modules/react-native-vector-icons/Fonts/SimpleLineIcons.ttf",
				"${PODS_ROOT}/../../node_modules/react-native-vector-icons/Fonts/Zocial.ttf",
			);
			name = "[CP] Copy Pods Resources";
			outputPaths = (
				"${TARGET_BUILD_DIR}/${UNLOCALIZED_RESOURCES_FOLDER_PATH}/AntDesign.ttf",
				"${TARGET_BUILD_DIR}/${UNLOCALIZED_RESOURCES_FOLDER_PATH}/Entypo.ttf",
				"${TARGET_BUILD_DIR}/${UNLOCALIZED_RESOURCES_FOLDER_PATH}/EvilIcons.ttf",
				"${TARGET_BUILD_DIR}/${UNLOCALIZED_RESOURCES_FOLDER_PATH}/Feather.ttf",
				"${TARGET_BUILD_DIR}/${UNLOCALIZED_RESOURCES_FOLDER_PATH}/FontAwesome.ttf",
				"${TARGET_BUILD_DIR}/${UNLOCALIZED_RESOURCES_FOLDER_PATH}/FontAwesome5_Brands.ttf",
				"${TARGET_BUILD_DIR}/${UNLOCALIZED_RESOURCES_FOLDER_PATH}/FontAwesome5_Regular.ttf",
				"${TARGET_BUILD_DIR}/${UNLOCALIZED_RESOURCES_FOLDER_PATH}/FontAwesome5_Solid.ttf",
				"${TARGET_BUILD_DIR}/${UNLOCALIZED_RESOURCES_FOLDER_PATH}/Fontisto.ttf",
				"${TARGET_BUILD_DIR}/${UNLOCALIZED_RESOURCES_FOLDER_PATH}/Foundation.ttf",
				"${TARGET_BUILD_DIR}/${UNLOCALIZED_RESOURCES_FOLDER_PATH}/Ionicons.ttf",
				"${TARGET_BUILD_DIR}/${UNLOCALIZED_RESOURCES_FOLDER_PATH}/MaterialCommunityIcons.ttf",
				"${TARGET_BUILD_DIR}/${UNLOCALIZED_RESOURCES_FOLDER_PATH}/MaterialIcons.ttf",
				"${TARGET_BUILD_DIR}/${UNLOCALIZED_RESOURCES_FOLDER_PATH}/Octicons.ttf",
				"${TARGET_BUILD_DIR}/${UNLOCALIZED_RESOURCES_FOLDER_PATH}/SimpleLineIcons.ttf",
				"${TARGET_BUILD_DIR}/${UNLOCALIZED_RESOURCES_FOLDER_PATH}/Zocial.ttf",
			);
			runOnlyForDeploymentPostprocessing = 0;
			shellPath = /bin/sh;
			shellScript = "\"${PODS_ROOT}/Target Support Files/Pods-robby_app/Pods-robby_app-resources.sh\"\n";
			showEnvVarsInLog = 0;
		};
		2D02E4CB1E0B4B27006451C7 /* Bundle React Native Code And Images */ = {
			isa = PBXShellScriptBuildPhase;
			buildActionMask = 2147483647;
			files = (
			);
			inputPaths = (
			);
			name = "Bundle React Native Code And Images";
			outputPaths = (
			);
			runOnlyForDeploymentPostprocessing = 0;
			shellPath = /bin/sh;
			shellScript = "export NODE_BINARY=node\n../node_modules/react-native/scripts/react-native-xcode.sh";
		};
		3A08ABDB4C851FCF4831DC33 /* [CP] Check Pods Manifest.lock */ = {
			isa = PBXShellScriptBuildPhase;
			buildActionMask = 2147483647;
			files = (
			);
			inputFileListPaths = (
			);
			inputPaths = (
				"${PODS_PODFILE_DIR_PATH}/Podfile.lock",
				"${PODS_ROOT}/Manifest.lock",
			);
			name = "[CP] Check Pods Manifest.lock";
			outputFileListPaths = (
			);
			outputPaths = (
				"$(DERIVED_FILE_DIR)/Pods-robby_app-tvOS-checkManifestLockResult.txt",
			);
			runOnlyForDeploymentPostprocessing = 0;
			shellPath = /bin/sh;
			shellScript = "diff \"${PODS_PODFILE_DIR_PATH}/Podfile.lock\" \"${PODS_ROOT}/Manifest.lock\" > /dev/null\nif [ $? != 0 ] ; then\n    # print error to STDERR\n    echo \"error: The sandbox is not in sync with the Podfile.lock. Run 'pod install' or update your CocoaPods installation.\" >&2\n    exit 1\nfi\n# This output is used by Xcode 'outputs' to avoid re-running this script phase.\necho \"SUCCESS\" > \"${SCRIPT_OUTPUT_FILE_0}\"\n";
			showEnvVarsInLog = 0;
		};
		A54FDF54354DF562D2E145BC /* [CP] Check Pods Manifest.lock */ = {
			isa = PBXShellScriptBuildPhase;
			buildActionMask = 2147483647;
			files = (
			);
			inputFileListPaths = (
			);
			inputPaths = (
				"${PODS_PODFILE_DIR_PATH}/Podfile.lock",
				"${PODS_ROOT}/Manifest.lock",
			);
			name = "[CP] Check Pods Manifest.lock";
			outputFileListPaths = (
			);
			outputPaths = (
				"$(DERIVED_FILE_DIR)/Pods-robby_app-checkManifestLockResult.txt",
			);
			runOnlyForDeploymentPostprocessing = 0;
			shellPath = /bin/sh;
			shellScript = "diff \"${PODS_PODFILE_DIR_PATH}/Podfile.lock\" \"${PODS_ROOT}/Manifest.lock\" > /dev/null\nif [ $? != 0 ] ; then\n    # print error to STDERR\n    echo \"error: The sandbox is not in sync with the Podfile.lock. Run 'pod install' or update your CocoaPods installation.\" >&2\n    exit 1\nfi\n# This output is used by Xcode 'outputs' to avoid re-running this script phase.\necho \"SUCCESS\" > \"${SCRIPT_OUTPUT_FILE_0}\"\n";
			showEnvVarsInLog = 0;
		};
		F9DAF7562480144FB088957F /* [CP] Check Pods Manifest.lock */ = {
			isa = PBXShellScriptBuildPhase;
			buildActionMask = 2147483647;
			files = (
			);
			inputFileListPaths = (
			);
			inputPaths = (
				"${PODS_PODFILE_DIR_PATH}/Podfile.lock",
				"${PODS_ROOT}/Manifest.lock",
			);
			name = "[CP] Check Pods Manifest.lock";
			outputFileListPaths = (
			);
			outputPaths = (
				"$(DERIVED_FILE_DIR)/Pods-robby_appTests-checkManifestLockResult.txt",
			);
			runOnlyForDeploymentPostprocessing = 0;
			shellPath = /bin/sh;
			shellScript = "diff \"${PODS_PODFILE_DIR_PATH}/Podfile.lock\" \"${PODS_ROOT}/Manifest.lock\" > /dev/null\nif [ $? != 0 ] ; then\n    # print error to STDERR\n    echo \"error: The sandbox is not in sync with the Podfile.lock. Run 'pod install' or update your CocoaPods installation.\" >&2\n    exit 1\nfi\n# This output is used by Xcode 'outputs' to avoid re-running this script phase.\necho \"SUCCESS\" > \"${SCRIPT_OUTPUT_FILE_0}\"\n";
			showEnvVarsInLog = 0;
		};
		FD10A7F022414F080027D42C /* Start Packager */ = {
			isa = PBXShellScriptBuildPhase;
			buildActionMask = 2147483647;
			files = (
			);
			inputFileListPaths = (
			);
			inputPaths = (
			);
			name = "Start Packager";
			outputFileListPaths = (
			);
			outputPaths = (
			);
			runOnlyForDeploymentPostprocessing = 0;
			shellPath = /bin/sh;
			shellScript = "export RCT_METRO_PORT=\"${RCT_METRO_PORT:=8081}\"\necho \"export RCT_METRO_PORT=${RCT_METRO_PORT}\" > \"${SRCROOT}/../node_modules/react-native/scripts/.packager.env\"\nif [ -z \"${RCT_NO_LAUNCH_PACKAGER+xxx}\" ] ; then\n  if nc -w 5 -z localhost ${RCT_METRO_PORT} ; then\n    if ! curl -s \"http://localhost:${RCT_METRO_PORT}/status\" | grep -q \"packager-status:running\" ; then\n      echo \"Port ${RCT_METRO_PORT} already in use, packager is either not running or not running correctly\"\n      exit 2\n    fi\n  else\n    open \"$SRCROOT/../node_modules/react-native/scripts/launchPackager.command\" || echo \"Can't start packager automatically\"\n  fi\nfi\n";
			showEnvVarsInLog = 0;
		};
		FD10A7F122414F3F0027D42C /* Start Packager */ = {
			isa = PBXShellScriptBuildPhase;
			buildActionMask = 2147483647;
			files = (
			);
			inputFileListPaths = (
			);
			inputPaths = (
			);
			name = "Start Packager";
			outputFileListPaths = (
			);
			outputPaths = (
			);
			runOnlyForDeploymentPostprocessing = 0;
			shellPath = /bin/sh;
			shellScript = "export RCT_METRO_PORT=\"${RCT_METRO_PORT:=8081}\"\necho \"export RCT_METRO_PORT=${RCT_METRO_PORT}\" > \"${SRCROOT}/../node_modules/react-native/scripts/.packager.env\"\nif [ -z \"${RCT_NO_LAUNCH_PACKAGER+xxx}\" ] ; then\n  if nc -w 5 -z localhost ${RCT_METRO_PORT} ; then\n    if ! curl -s \"http://localhost:${RCT_METRO_PORT}/status\" | grep -q \"packager-status:running\" ; then\n      echo \"Port ${RCT_METRO_PORT} already in use, packager is either not running or not running correctly\"\n      exit 2\n    fi\n  else\n    open \"$SRCROOT/../node_modules/react-native/scripts/launchPackager.command\" || echo \"Can't start packager automatically\"\n  fi\nfi\n";
			showEnvVarsInLog = 0;
		};
/* End PBXShellScriptBuildPhase section */

/* Begin PBXSourcesBuildPhase section */
		00E356EA1AD99517003FC87E /* Sources */ = {
			isa = PBXSourcesBuildPhase;
			buildActionMask = 2147483647;
			files = (
				00E356F31AD99517003FC87E /* robby_appTests.m in Sources */,
			);
			runOnlyForDeploymentPostprocessing = 0;
		};
		13B07F871A680F5B00A75B9A /* Sources */ = {
			isa = PBXSourcesBuildPhase;
			buildActionMask = 2147483647;
			files = (
				13B07FBC1A68108700A75B9A /* AppDelegate.m in Sources */,
				0024438F23449C5400C8E8A8 /* File.swift in Sources */,
				13B07FC11A68108700A75B9A /* main.m in Sources */,
			);
			runOnlyForDeploymentPostprocessing = 0;
		};
		2D02E4771E0B4A5D006451C7 /* Sources */ = {
			isa = PBXSourcesBuildPhase;
			buildActionMask = 2147483647;
			files = (
				2D02E4BF1E0B4AB3006451C7 /* main.m in Sources */,
				2D02E4BC1E0B4A80006451C7 /* AppDelegate.m in Sources */,
			);
			runOnlyForDeploymentPostprocessing = 0;
		};
		2D02E48C1E0B4A5D006451C7 /* Sources */ = {
			isa = PBXSourcesBuildPhase;
			buildActionMask = 2147483647;
			files = (
				2DCD954D1E0B4F2C00145EB5 /* robby_appTests.m in Sources */,
			);
			runOnlyForDeploymentPostprocessing = 0;
		};
/* End PBXSourcesBuildPhase section */

/* Begin PBXTargetDependency section */
		00E356F51AD99517003FC87E /* PBXTargetDependency */ = {
			isa = PBXTargetDependency;
			target = 13B07F861A680F5B00A75B9A /* robby_app */;
			targetProxy = 00E356F41AD99517003FC87E /* PBXContainerItemProxy */;
		};
		2D02E4921E0B4A5D006451C7 /* PBXTargetDependency */ = {
			isa = PBXTargetDependency;
			target = 2D02E47A1E0B4A5D006451C7 /* robby_app-tvOS */;
			targetProxy = 2D02E4911E0B4A5D006451C7 /* PBXContainerItemProxy */;
		};
/* End PBXTargetDependency section */

/* Begin PBXVariantGroup section */
		13B07FB11A68108700A75B9A /* LaunchScreen.xib */ = {
			isa = PBXVariantGroup;
			children = (
				13B07FB21A68108700A75B9A /* Base */,
			);
			name = LaunchScreen.xib;
			path = robby_app;
			sourceTree = "<group>";
		};
/* End PBXVariantGroup section */

/* Begin XCBuildConfiguration section */
		00E356F61AD99517003FC87E /* Debug */ = {
			isa = XCBuildConfiguration;
			baseConfigurationReference = 4EE2D5A2863AF4A3DE1618A3 /* Pods-robby_appTests.debug.xcconfig */;
			buildSettings = {
				ALWAYS_EMBED_SWIFT_STANDARD_LIBRARIES = YES;
				BUNDLE_LOADER = "$(TEST_HOST)";
				GCC_PREPROCESSOR_DEFINITIONS = (
					"DEBUG=1",
					"$(inherited)",
				);
				INFOPLIST_FILE = robby_appTests/Info.plist;
				IPHONEOS_DEPLOYMENT_TARGET = 9.0;
				LD_RUNPATH_SEARCH_PATHS = "$(inherited) @executable_path/Frameworks @loader_path/Frameworks";
				OTHER_LDFLAGS = (
					"-ObjC",
					"-lc++",
					"$(inherited)",
				);
				PRODUCT_BUNDLE_IDENTIFIER = "org.reactjs.native.example.$(PRODUCT_NAME:rfc1034identifier)";
				PRODUCT_NAME = "$(TARGET_NAME)";
				TEST_HOST = "$(BUILT_PRODUCTS_DIR)/robby_app.app/robby_app";
			};
			name = Debug;
		};
		00E356F71AD99517003FC87E /* Release */ = {
			isa = XCBuildConfiguration;
			baseConfigurationReference = F05405CC4C355BE4DE5F7E52 /* Pods-robby_appTests.release.xcconfig */;
			buildSettings = {
				ALWAYS_EMBED_SWIFT_STANDARD_LIBRARIES = YES;
				BUNDLE_LOADER = "$(TEST_HOST)";
				COPY_PHASE_STRIP = NO;
				INFOPLIST_FILE = robby_appTests/Info.plist;
				IPHONEOS_DEPLOYMENT_TARGET = 9.0;
				LD_RUNPATH_SEARCH_PATHS = "$(inherited) @executable_path/Frameworks @loader_path/Frameworks";
				OTHER_LDFLAGS = (
					"-ObjC",
					"-lc++",
					"$(inherited)",
				);
				PRODUCT_BUNDLE_IDENTIFIER = "org.reactjs.native.example.$(PRODUCT_NAME:rfc1034identifier)";
				PRODUCT_NAME = "$(TARGET_NAME)";
				TEST_HOST = "$(BUILT_PRODUCTS_DIR)/robby_app.app/robby_app";
			};
			name = Release;
		};
		13B07F941A680F5B00A75B9A /* Debug */ = {
			isa = XCBuildConfiguration;
			baseConfigurationReference = F55766D553AB82A6B1E36F91 /* Pods-robby_app.debug.xcconfig */;
			buildSettings = {
				ALWAYS_EMBED_SWIFT_STANDARD_LIBRARIES = NO;
				ASSETCATALOG_COMPILER_APPICON_NAME = AppIcon;
				CLANG_ENABLE_MODULES = YES;
				CURRENT_PROJECT_VERSION = 1;
				DEAD_CODE_STRIPPING = NO;
				INFOPLIST_FILE = robby_app/Info.plist;
				LD_RUNPATH_SEARCH_PATHS = "$(inherited) @executable_path/Frameworks";
				OTHER_LDFLAGS = (
					"$(inherited)",
					"-ObjC",
					"-lc++",
				);
				PRODUCT_BUNDLE_IDENTIFIER = "org.reactjs.native.example.$(PRODUCT_NAME:rfc1034identifier)";
				PRODUCT_NAME = robby_app;
				SWIFT_OBJC_BRIDGING_HEADER = "robby_app-Bridging-Header.h";
				SWIFT_OPTIMIZATION_LEVEL = "-Onone";
				SWIFT_VERSION = 5.0;
				VERSIONING_SYSTEM = "apple-generic";
			};
			name = Debug;
		};
		13B07F951A680F5B00A75B9A /* Release */ = {
			isa = XCBuildConfiguration;
			baseConfigurationReference = BD9B25459C37BA9DC25B6165 /* Pods-robby_app.release.xcconfig */;
			buildSettings = {
				ALWAYS_EMBED_SWIFT_STANDARD_LIBRARIES = NO;
				ASSETCATALOG_COMPILER_APPICON_NAME = AppIcon;
				CLANG_ENABLE_MODULES = YES;
				CURRENT_PROJECT_VERSION = 1;
				INFOPLIST_FILE = robby_app/Info.plist;
				LD_RUNPATH_SEARCH_PATHS = "$(inherited) @executable_path/Frameworks";
				OTHER_LDFLAGS = (
					"$(inherited)",
					"-ObjC",
					"-lc++",
				);
				PRODUCT_BUNDLE_IDENTIFIER = "org.reactjs.native.example.$(PRODUCT_NAME:rfc1034identifier)";
				PRODUCT_NAME = robby_app;
				SWIFT_OBJC_BRIDGING_HEADER = "robby_app-Bridging-Header.h";
				SWIFT_VERSION = 5.0;
				VERSIONING_SYSTEM = "apple-generic";
			};
			name = Release;
		};
		2D02E4971E0B4A5E006451C7 /* Debug */ = {
			isa = XCBuildConfiguration;
			baseConfigurationReference = 54B147ED499AD93462C4F609 /* Pods-robby_app-tvOS.debug.xcconfig */;
			buildSettings = {
				ASSETCATALOG_COMPILER_APPICON_NAME = "App Icon & Top Shelf Image";
				ASSETCATALOG_COMPILER_LAUNCHIMAGE_NAME = LaunchImage;
				CLANG_ANALYZER_NONNULL = YES;
				CLANG_WARN_DOCUMENTATION_COMMENTS = YES;
				CLANG_WARN_INFINITE_RECURSION = YES;
				CLANG_WARN_SUSPICIOUS_MOVE = YES;
				DEBUG_INFORMATION_FORMAT = dwarf;
				ENABLE_TESTABILITY = YES;
				GCC_NO_COMMON_BLOCKS = YES;
				INFOPLIST_FILE = "robby_app-tvOS/Info.plist";
				LD_RUNPATH_SEARCH_PATHS = "$(inherited) @executable_path/Frameworks";
				OTHER_LDFLAGS = (
					"$(inherited)",
					"-ObjC",
					"-lc++",
				);
				PRODUCT_BUNDLE_IDENTIFIER = "com.facebook.REACT.robby_app-tvOS";
				PRODUCT_NAME = "$(TARGET_NAME)";
				SDKROOT = appletvos;
				TARGETED_DEVICE_FAMILY = 3;
				TVOS_DEPLOYMENT_TARGET = 9.2;
			};
			name = Debug;
		};
		2D02E4981E0B4A5E006451C7 /* Release */ = {
			isa = XCBuildConfiguration;
			baseConfigurationReference = 56BD9623B6C1AF6D2AF15146 /* Pods-robby_app-tvOS.release.xcconfig */;
			buildSettings = {
				ASSETCATALOG_COMPILER_APPICON_NAME = "App Icon & Top Shelf Image";
				ASSETCATALOG_COMPILER_LAUNCHIMAGE_NAME = LaunchImage;
				CLANG_ANALYZER_NONNULL = YES;
				CLANG_WARN_DOCUMENTATION_COMMENTS = YES;
				CLANG_WARN_INFINITE_RECURSION = YES;
				CLANG_WARN_SUSPICIOUS_MOVE = YES;
				COPY_PHASE_STRIP = NO;
				DEBUG_INFORMATION_FORMAT = "dwarf-with-dsym";
				GCC_NO_COMMON_BLOCKS = YES;
				INFOPLIST_FILE = "robby_app-tvOS/Info.plist";
				LD_RUNPATH_SEARCH_PATHS = "$(inherited) @executable_path/Frameworks";
				OTHER_LDFLAGS = (
					"$(inherited)",
					"-ObjC",
					"-lc++",
				);
				PRODUCT_BUNDLE_IDENTIFIER = "com.facebook.REACT.robby_app-tvOS";
				PRODUCT_NAME = "$(TARGET_NAME)";
				SDKROOT = appletvos;
				TARGETED_DEVICE_FAMILY = 3;
				TVOS_DEPLOYMENT_TARGET = 9.2;
			};
			name = Release;
		};
		2D02E4991E0B4A5E006451C7 /* Debug */ = {
			isa = XCBuildConfiguration;
			baseConfigurationReference = 8E635A82F0E1FD120949C6FD /* Pods-robby_app-tvOSTests.debug.xcconfig */;
			buildSettings = {
				BUNDLE_LOADER = "$(TEST_HOST)";
				CLANG_ANALYZER_NONNULL = YES;
				CLANG_WARN_DOCUMENTATION_COMMENTS = YES;
				CLANG_WARN_INFINITE_RECURSION = YES;
				CLANG_WARN_SUSPICIOUS_MOVE = YES;
				DEBUG_INFORMATION_FORMAT = dwarf;
				ENABLE_TESTABILITY = YES;
				GCC_NO_COMMON_BLOCKS = YES;
				INFOPLIST_FILE = "robby_app-tvOSTests/Info.plist";
				LD_RUNPATH_SEARCH_PATHS = "$(inherited) @executable_path/Frameworks @loader_path/Frameworks";
				OTHER_LDFLAGS = (
					"$(inherited)",
					"-ObjC",
					"-lc++",
				);
				PRODUCT_BUNDLE_IDENTIFIER = "com.facebook.REACT.robby_app-tvOSTests";
				PRODUCT_NAME = "$(TARGET_NAME)";
				SDKROOT = appletvos;
				TEST_HOST = "$(BUILT_PRODUCTS_DIR)/robby_app-tvOS.app/robby_app-tvOS";
				TVOS_DEPLOYMENT_TARGET = 10.1;
			};
			name = Debug;
		};
		2D02E49A1E0B4A5E006451C7 /* Release */ = {
			isa = XCBuildConfiguration;
			baseConfigurationReference = 4467CD3A1E400480B461665F /* Pods-robby_app-tvOSTests.release.xcconfig */;
			buildSettings = {
				BUNDLE_LOADER = "$(TEST_HOST)";
				CLANG_ANALYZER_NONNULL = YES;
				CLANG_WARN_DOCUMENTATION_COMMENTS = YES;
				CLANG_WARN_INFINITE_RECURSION = YES;
				CLANG_WARN_SUSPICIOUS_MOVE = YES;
				COPY_PHASE_STRIP = NO;
				DEBUG_INFORMATION_FORMAT = "dwarf-with-dsym";
				GCC_NO_COMMON_BLOCKS = YES;
				INFOPLIST_FILE = "robby_app-tvOSTests/Info.plist";
				LD_RUNPATH_SEARCH_PATHS = "$(inherited) @executable_path/Frameworks @loader_path/Frameworks";
				OTHER_LDFLAGS = (
					"$(inherited)",
					"-ObjC",
					"-lc++",
				);
				PRODUCT_BUNDLE_IDENTIFIER = "com.facebook.REACT.robby_app-tvOSTests";
				PRODUCT_NAME = "$(TARGET_NAME)";
				SDKROOT = appletvos;
				TEST_HOST = "$(BUILT_PRODUCTS_DIR)/robby_app-tvOS.app/robby_app-tvOS";
				TVOS_DEPLOYMENT_TARGET = 10.1;
			};
			name = Release;
		};
		83CBBA201A601CBA00E9B192 /* Debug */ = {
			isa = XCBuildConfiguration;
			buildSettings = {
				ALWAYS_SEARCH_USER_PATHS = NO;
				CLANG_CXX_LANGUAGE_STANDARD = "gnu++0x";
				CLANG_CXX_LIBRARY = "libc++";
				CLANG_ENABLE_MODULES = YES;
				CLANG_ENABLE_OBJC_ARC = YES;
				CLANG_WARN_BLOCK_CAPTURE_AUTORELEASING = YES;
				CLANG_WARN_BOOL_CONVERSION = YES;
				CLANG_WARN_COMMA = YES;
				CLANG_WARN_CONSTANT_CONVERSION = YES;
				CLANG_WARN_DEPRECATED_OBJC_IMPLEMENTATIONS = YES;
				CLANG_WARN_DIRECT_OBJC_ISA_USAGE = YES_ERROR;
				CLANG_WARN_EMPTY_BODY = YES;
				CLANG_WARN_ENUM_CONVERSION = YES;
				CLANG_WARN_INFINITE_RECURSION = YES;
				CLANG_WARN_INT_CONVERSION = YES;
				CLANG_WARN_NON_LITERAL_NULL_CONVERSION = YES;
				CLANG_WARN_OBJC_IMPLICIT_RETAIN_SELF = YES;
				CLANG_WARN_OBJC_LITERAL_CONVERSION = YES;
				CLANG_WARN_OBJC_ROOT_CLASS = YES_ERROR;
				CLANG_WARN_RANGE_LOOP_ANALYSIS = YES;
				CLANG_WARN_STRICT_PROTOTYPES = YES;
				CLANG_WARN_SUSPICIOUS_MOVE = YES;
				CLANG_WARN_UNREACHABLE_CODE = YES;
				CLANG_WARN__DUPLICATE_METHOD_MATCH = YES;
				"CODE_SIGN_IDENTITY[sdk=iphoneos*]" = "iPhone Developer";
				COPY_PHASE_STRIP = NO;
				ENABLE_STRICT_OBJC_MSGSEND = YES;
				ENABLE_TESTABILITY = YES;
				GCC_C_LANGUAGE_STANDARD = gnu99;
				GCC_DYNAMIC_NO_PIC = NO;
				GCC_NO_COMMON_BLOCKS = YES;
				GCC_OPTIMIZATION_LEVEL = 0;
				GCC_PREPROCESSOR_DEFINITIONS = (
					"DEBUG=1",
					"$(inherited)",
				);
				GCC_SYMBOLS_PRIVATE_EXTERN = NO;
				GCC_WARN_64_TO_32_BIT_CONVERSION = YES;
				GCC_WARN_ABOUT_RETURN_TYPE = YES_ERROR;
				GCC_WARN_UNDECLARED_SELECTOR = YES;
				GCC_WARN_UNINITIALIZED_AUTOS = YES_AGGRESSIVE;
				GCC_WARN_UNUSED_FUNCTION = YES;
				GCC_WARN_UNUSED_VARIABLE = YES;
				IPHONEOS_DEPLOYMENT_TARGET = 9.0;
				MTL_ENABLE_DEBUG_INFO = YES;
				ONLY_ACTIVE_ARCH = YES;
				SDKROOT = iphoneos;
			};
			name = Debug;
		};
		83CBBA211A601CBA00E9B192 /* Release */ = {
			isa = XCBuildConfiguration;
			buildSettings = {
				ALWAYS_SEARCH_USER_PATHS = NO;
				CLANG_CXX_LANGUAGE_STANDARD = "gnu++0x";
				CLANG_CXX_LIBRARY = "libc++";
				CLANG_ENABLE_MODULES = YES;
				CLANG_ENABLE_OBJC_ARC = YES;
				CLANG_WARN_BLOCK_CAPTURE_AUTORELEASING = YES;
				CLANG_WARN_BOOL_CONVERSION = YES;
				CLANG_WARN_COMMA = YES;
				CLANG_WARN_CONSTANT_CONVERSION = YES;
				CLANG_WARN_DEPRECATED_OBJC_IMPLEMENTATIONS = YES;
				CLANG_WARN_DIRECT_OBJC_ISA_USAGE = YES_ERROR;
				CLANG_WARN_EMPTY_BODY = YES;
				CLANG_WARN_ENUM_CONVERSION = YES;
				CLANG_WARN_INFINITE_RECURSION = YES;
				CLANG_WARN_INT_CONVERSION = YES;
				CLANG_WARN_NON_LITERAL_NULL_CONVERSION = YES;
				CLANG_WARN_OBJC_IMPLICIT_RETAIN_SELF = YES;
				CLANG_WARN_OBJC_LITERAL_CONVERSION = YES;
				CLANG_WARN_OBJC_ROOT_CLASS = YES_ERROR;
				CLANG_WARN_RANGE_LOOP_ANALYSIS = YES;
				CLANG_WARN_STRICT_PROTOTYPES = YES;
				CLANG_WARN_SUSPICIOUS_MOVE = YES;
				CLANG_WARN_UNREACHABLE_CODE = YES;
				CLANG_WARN__DUPLICATE_METHOD_MATCH = YES;
				"CODE_SIGN_IDENTITY[sdk=iphoneos*]" = "iPhone Developer";
				COPY_PHASE_STRIP = YES;
				ENABLE_NS_ASSERTIONS = NO;
				ENABLE_STRICT_OBJC_MSGSEND = YES;
				GCC_C_LANGUAGE_STANDARD = gnu99;
				GCC_NO_COMMON_BLOCKS = YES;
				GCC_WARN_64_TO_32_BIT_CONVERSION = YES;
				GCC_WARN_ABOUT_RETURN_TYPE = YES_ERROR;
				GCC_WARN_UNDECLARED_SELECTOR = YES;
				GCC_WARN_UNINITIALIZED_AUTOS = YES_AGGRESSIVE;
				GCC_WARN_UNUSED_FUNCTION = YES;
				GCC_WARN_UNUSED_VARIABLE = YES;
				IPHONEOS_DEPLOYMENT_TARGET = 9.0;
				MTL_ENABLE_DEBUG_INFO = NO;
				SDKROOT = iphoneos;
				SWIFT_COMPILATION_MODE = wholemodule;
				VALIDATE_PRODUCT = YES;
			};
			name = Release;
		};
/* End XCBuildConfiguration section */

/* Begin XCConfigurationList section */
		00E357021AD99517003FC87E /* Build configuration list for PBXNativeTarget "robby_appTests" */ = {
			isa = XCConfigurationList;
			buildConfigurations = (
				00E356F61AD99517003FC87E /* Debug */,
				00E356F71AD99517003FC87E /* Release */,
			);
			defaultConfigurationIsVisible = 0;
			defaultConfigurationName = Release;
		};
		13B07F931A680F5B00A75B9A /* Build configuration list for PBXNativeTarget "robby_app" */ = {
			isa = XCConfigurationList;
			buildConfigurations = (
				13B07F941A680F5B00A75B9A /* Debug */,
				13B07F951A680F5B00A75B9A /* Release */,
			);
			defaultConfigurationIsVisible = 0;
			defaultConfigurationName = Release;
		};
		2D02E4BA1E0B4A5E006451C7 /* Build configuration list for PBXNativeTarget "robby_app-tvOS" */ = {
			isa = XCConfigurationList;
			buildConfigurations = (
				2D02E4971E0B4A5E006451C7 /* Debug */,
				2D02E4981E0B4A5E006451C7 /* Release */,
			);
			defaultConfigurationIsVisible = 0;
			defaultConfigurationName = Release;
		};
		2D02E4BB1E0B4A5E006451C7 /* Build configuration list for PBXNativeTarget "robby_app-tvOSTests" */ = {
			isa = XCConfigurationList;
			buildConfigurations = (
				2D02E4991E0B4A5E006451C7 /* Debug */,
				2D02E49A1E0B4A5E006451C7 /* Release */,
			);
			defaultConfigurationIsVisible = 0;
			defaultConfigurationName = Release;
		};
		83CBB9FA1A601CBA00E9B192 /* Build configuration list for PBXProject "robby_app" */ = {
			isa = XCConfigurationList;
			buildConfigurations = (
				83CBBA201A601CBA00E9B192 /* Debug */,
				83CBBA211A601CBA00E9B192 /* Release */,
			);
			defaultConfigurationIsVisible = 0;
			defaultConfigurationName = Release;
		};
/* End XCConfigurationList section */
	};
	rootObject = 83CBB9F71A601CBA00E9B192 /* Project object */;
}
